
Microsoft Visual Studio Solution File, Format Version 12.00
# Visual Studio Version 17
VisualStudioVersion = 17.13.35931.197 d17.13
MinimumVisualStudioVersion = 10.0.40219.1
Project("{888888A0-9F3D-457C-B088-3A5042F75D52}") = "microservices-app", "microservices-app.pyproj", "{497D407B-DC3D-482A-A3D8-F7F3C9362251}"
EndProject
Global
	GlobalSection(SolutionConfigurationPlatforms) = preSolution
		Debug|Any CPU = Debug|Any CPU
		Release|Any CPU = Release|Any CPU
	EndGlobalSection
	GlobalSection(ProjectConfigurationPlatforms) = postSolution
		{497D407B-DC3D-482A-A3D8-F7F3C9362251}.Debug|Any CPU.ActiveCfg = Debug|Any CPU
		{497D407B-DC3D-482A-A3D8-F7F3C9362251}.Release|Any CPU.ActiveCfg = Release|Any CPU
	EndGlobalSection
	GlobalSection(SolutionProperties) = preSolution
		HideSolutionNode = FALSE
	EndGlobalSection
	GlobalSection(ExtensibilityGlobals) = postSolution
		SolutionGuid = {A08B7C69-1D84-4AEF-8648-C8080A0500D7}
	EndGlobalSection
EndGlobal
